
Microsoft Visual Studio Solution File, Format Version 12.00
# Visual Studio 15
VisualStudioVersion = 15.0.28307.757
MinimumVisualStudioVersion = 10.0.40219.1
Project("{8BC9CEB8-8B4A-11D0-8D11-00A0C91BC942}") = "Project1", "Project1\Project1.vcxproj", "{CB099276-B885-424E-B408-689F89F375FC}"
EndProject
Global
	GlobalSection(SolutionConfigurationPlatforms) = preSolution
		Debug|x64 = Debug|x64
		Debug|x86 = Debug|x86
		Release|x64 = Release|x64
		Release|x86 = Release|x86
	EndGlobalSection
	GlobalSection(ProjectConfigurationPlatforms) = postSolution
		{CB099276-B885-424E-B408-689F89F375FC}.Debug|x64.ActiveCfg = Debug|x64
		{CB099276-B885-424E-B408-689F89F375FC}.Debug|x64.Build.0 = Debug|x64
		{CB099276-B885-424E-B408-689F89F375FC}.Debug|x86.ActiveCfg = Debug|Win32
		{CB099276-B885-424E-B408-689F89F375FC}.Debug|x86.Build.0 = Debug|Win32
		{CB099276-B885-424E-B408-689F89F375FC}.Release|x64.ActiveCfg = Release|x64
		{CB099276-B885-424E-B408-689F89F375FC}.Release|x64.Build.0 = Release|x64
		{CB099276-B885-424E-B408-689F89F375FC}.Release|x86.ActiveCfg = Release|Win32
		{CB099276-B885-424E-B408-689F89F375FC}.Release|x86.Build.0 = Release|Win32
	EndGlobalSection
	GlobalSection(SolutionProperties) = preSolution
		HideSolutionNode = FALSE
	EndGlobalSection
	GlobalSection(ExtensibilityGlobals) = postSolution
		SolutionGuid = {69CE67D7-BE7A-4DFA-A921-B105C31D6CD4}
	EndGlobalSection
EndGlobal
