
Microsoft Visual Studio Solution File, Format Version 12.00
# Visual Studio 15
VisualStudioVersion = 15.0.28307.757
MinimumVisualStudioVersion = 10.0.40219.1
Project("{8BC9CEB8-8B4A-11D0-8D11-00A0C91BC942}") = "Project1", "Project1\Project1.vcxproj", "{F510ED9C-63DF-4E9E-A141-CDD12A932535}"
EndProject
Global
	GlobalSection(SolutionConfigurationPlatforms) = preSolution
		Debug|x64 = Debug|x64
		Debug|x86 = Debug|x86
		Release|x64 = Release|x64
		Release|x86 = Release|x86
	EndGlobalSection
	GlobalSection(ProjectConfigurationPlatforms) = postSolution
		{F510ED9C-63DF-4E9E-A141-CDD12A932535}.Debug|x64.ActiveCfg = Debug|x64
		{F510ED9C-63DF-4E9E-A141-CDD12A932535}.Debug|x64.Build.0 = Debug|x64
		{F510ED9C-63DF-4E9E-A141-CDD12A932535}.Debug|x86.ActiveCfg = Debug|Win32
		{F510ED9C-63DF-4E9E-A141-CDD12A932535}.Debug|x86.Build.0 = Debug|Win32
		{F510ED9C-63DF-4E9E-A141-CDD12A932535}.Release|x64.ActiveCfg = Release|x64
		{F510ED9C-63DF-4E9E-A141-CDD12A932535}.Release|x64.Build.0 = Release|x64
		{F510ED9C-63DF-4E9E-A141-CDD12A932535}.Release|x86.ActiveCfg = Release|Win32
		{F510ED9C-63DF-4E9E-A141-CDD12A932535}.Release|x86.Build.0 = Release|Win32
	EndGlobalSection
	GlobalSection(SolutionProperties) = preSolution
		HideSolutionNode = FALSE
	EndGlobalSection
	GlobalSection(ExtensibilityGlobals) = postSolution
		SolutionGuid = {835EBB5C-130D-4B36-970F-453528945FFB}
	EndGlobalSection
EndGlobal
