
Microsoft Visual Studio Solution File, Format Version 12.00
# Visual Studio 15
VisualStudioVersion = 15.0.28307.757
MinimumVisualStudioVersion = 10.0.40219.1
Project("{8BC9CEB8-8B4A-11D0-8D11-00A0C91BC942}") = "Project1", "Project1\Project1.vcxproj", "{01253FCB-0208-4BE9-9EF5-5128E3D88273}"
EndProject
Global
	GlobalSection(SolutionConfigurationPlatforms) = preSolution
		Debug|x64 = Debug|x64
		Debug|x86 = Debug|x86
		Release|x64 = Release|x64
		Release|x86 = Release|x86
	EndGlobalSection
	GlobalSection(ProjectConfigurationPlatforms) = postSolution
		{01253FCB-0208-4BE9-9EF5-5128E3D88273}.Debug|x64.ActiveCfg = Debug|x64
		{01253FCB-0208-4BE9-9EF5-5128E3D88273}.Debug|x64.Build.0 = Debug|x64
		{01253FCB-0208-4BE9-9EF5-5128E3D88273}.Debug|x86.ActiveCfg = Debug|Win32
		{01253FCB-0208-4BE9-9EF5-5128E3D88273}.Debug|x86.Build.0 = Debug|Win32
		{01253FCB-0208-4BE9-9EF5-5128E3D88273}.Release|x64.ActiveCfg = Release|x64
		{01253FCB-0208-4BE9-9EF5-5128E3D88273}.Release|x64.Build.0 = Release|x64
		{01253FCB-0208-4BE9-9EF5-5128E3D88273}.Release|x86.ActiveCfg = Release|Win32
		{01253FCB-0208-4BE9-9EF5-5128E3D88273}.Release|x86.Build.0 = Release|Win32
	EndGlobalSection
	GlobalSection(SolutionProperties) = preSolution
		HideSolutionNode = FALSE
	EndGlobalSection
	GlobalSection(ExtensibilityGlobals) = postSolution
		SolutionGuid = {60BBFDDB-993F-4E25-9BC8-5E0DBF67B836}
	EndGlobalSection
EndGlobal
