
Microsoft Visual Studio Solution File, Format Version 12.00
# Visual Studio 15
VisualStudioVersion = 15.0.28307.757
MinimumVisualStudioVersion = 10.0.40219.1
Project("{8BC9CEB8-8B4A-11D0-8D11-00A0C91BC942}") = "Sum Large Num", "Sum Large Num\Sum Large Num.vcxproj", "{5E57F334-8C04-482D-8CC5-B42D43221B45}"
EndProject
Global
	GlobalSection(SolutionConfigurationPlatforms) = preSolution
		Debug|x64 = Debug|x64
		Debug|x86 = Debug|x86
		Release|x64 = Release|x64
		Release|x86 = Release|x86
	EndGlobalSection
	GlobalSection(ProjectConfigurationPlatforms) = postSolution
		{5E57F334-8C04-482D-8CC5-B42D43221B45}.Debug|x64.ActiveCfg = Debug|x64
		{5E57F334-8C04-482D-8CC5-B42D43221B45}.Debug|x64.Build.0 = Debug|x64
		{5E57F334-8C04-482D-8CC5-B42D43221B45}.Debug|x86.ActiveCfg = Debug|Win32
		{5E57F334-8C04-482D-8CC5-B42D43221B45}.Debug|x86.Build.0 = Debug|Win32
		{5E57F334-8C04-482D-8CC5-B42D43221B45}.Release|x64.ActiveCfg = Release|x64
		{5E57F334-8C04-482D-8CC5-B42D43221B45}.Release|x64.Build.0 = Release|x64
		{5E57F334-8C04-482D-8CC5-B42D43221B45}.Release|x86.ActiveCfg = Release|Win32
		{5E57F334-8C04-482D-8CC5-B42D43221B45}.Release|x86.Build.0 = Release|Win32
	EndGlobalSection
	GlobalSection(SolutionProperties) = preSolution
		HideSolutionNode = FALSE
	EndGlobalSection
	GlobalSection(ExtensibilityGlobals) = postSolution
		SolutionGuid = {99680E6B-D29C-464B-85A8-FA4F7EB52D4D}
	EndGlobalSection
EndGlobal
