
Microsoft Visual Studio Solution File, Format Version 12.00
# Visual Studio 15
VisualStudioVersion = 15.0.28307.757
MinimumVisualStudioVersion = 10.0.40219.1
Project("{8BC9CEB8-8B4A-11D0-8D11-00A0C91BC942}") = "Project1", "Project1\Project1.vcxproj", "{AE3250EF-BAB7-4244-AB4D-A2439D3AE52F}"
EndProject
Global
	GlobalSection(SolutionConfigurationPlatforms) = preSolution
		Debug|x64 = Debug|x64
		Debug|x86 = Debug|x86
		Release|x64 = Release|x64
		Release|x86 = Release|x86
	EndGlobalSection
	GlobalSection(ProjectConfigurationPlatforms) = postSolution
		{AE3250EF-BAB7-4244-AB4D-A2439D3AE52F}.Debug|x64.ActiveCfg = Debug|x64
		{AE3250EF-BAB7-4244-AB4D-A2439D3AE52F}.Debug|x64.Build.0 = Debug|x64
		{AE3250EF-BAB7-4244-AB4D-A2439D3AE52F}.Debug|x86.ActiveCfg = Debug|Win32
		{AE3250EF-BAB7-4244-AB4D-A2439D3AE52F}.Debug|x86.Build.0 = Debug|Win32
		{AE3250EF-BAB7-4244-AB4D-A2439D3AE52F}.Release|x64.ActiveCfg = Release|x64
		{AE3250EF-BAB7-4244-AB4D-A2439D3AE52F}.Release|x64.Build.0 = Release|x64
		{AE3250EF-BAB7-4244-AB4D-A2439D3AE52F}.Release|x86.ActiveCfg = Release|Win32
		{AE3250EF-BAB7-4244-AB4D-A2439D3AE52F}.Release|x86.Build.0 = Release|Win32
	EndGlobalSection
	GlobalSection(SolutionProperties) = preSolution
		HideSolutionNode = FALSE
	EndGlobalSection
	GlobalSection(ExtensibilityGlobals) = postSolution
		SolutionGuid = {B649F1B9-06CE-4E64-AD57-1D914C6EA4D2}
	EndGlobalSection
EndGlobal
